
Microsoft Visual Studio Solution File, Format Version 12.00
Project("{FAE04EC0-301F-11D3-BF4B-00C04F79EFBC}") = "HuePipe", "HuePipe\HuePipe.csproj", "{968038EB-D869-4F19-97BF-FE5CB305DC42}"
EndProject
Global
	GlobalSection(SolutionConfigurationPlatforms) = preSolution
		Debug|Any CPU = Debug|Any CPU
		Release|Any CPU = Release|Any CPU
	EndGlobalSection
	GlobalSection(ProjectConfigurationPlatforms) = postSolution
		{968038EB-D869-4F19-97BF-FE5CB305DC42}.Debug|Any CPU.ActiveCfg = Debug|Any CPU
		{968038EB-D869-4F19-97BF-FE5CB305DC42}.Debug|Any CPU.Build.0 = Debug|Any CPU
		{968038EB-D869-4F19-97BF-FE5CB305DC42}.Release|Any CPU.ActiveCfg = Release|Any CPU
		{968038EB-D869-4F19-97BF-FE5CB305DC42}.Release|Any CPU.Build.0 = Release|Any CPU
	EndGlobalSection
EndGlobal
